github.com/AndreasBriese/bbloom v0.0.0-20180913140656-343706a395b7 h1:PqzgE6kAMi81xWQA2QIVxjWkFHptGgC547vchpUbtFo=
github.com/AndreasBriese/bbloom v0.0.0-20180913140656-343706a395b7/go.mod h1:bOvUY6CB00SOBii9/FifXqc0awNKxLFCL/+pkDPuyl8=
github.com/adedayo/cidr v0.1.3 h1:SrjHm2g80gq+ajZR/npN3p0C+hJs1iulnpuSPCy2PlQ=
github.com/adedayo/cidr v0.1.3/go.mod h1:By6g82fmUcv8/Z/6JcDs1D4wO4gc/Ookb842bVCV6Io=
github.com/adedayo/tcpscan v0.0.0-20190208154814-950e5eb08282 h1:pNbm9a2h79YXG/iAGTuHPDM9Zra7LBLLD9jAhXvD8sI=
github.com/adedayo/tcpscan v0.0.0-20190208154814-950e5eb08282/go.mod h1:V4BbfuzhchhRXT/uyJiNxysE4nadq2t6kfXdFJkXQ2k=
github.com/adedayo/tcpscan v0.0.0-20190208164431-5fbc18e0ff23 h1:oDyfp/ldI4tg9V4pLroT/NB7EWsQ19XvtNhcX/RY/Xc=
github.com/adedayo/tcpscan v0.0.0-20190208164431-5fbc18e0ff23/go.mod h1:V4BbfuzhchhRXT/uyJiNxysE4nadq2t6kfXdFJkXQ2k=
github.com/adedayo/tcpscan v0.0.0-20190208171608-a0c98dd4d895 h1:Q7kZXypwtYZXLs/bBoMGqboT7e+zF6onqTWqsh95q78=
github.com/adedayo/tcpscan v0.0.0-20190208171608-a0c98dd4d895/go.mod h1:V4BbfuzhchhRXT/uyJiNxysE4nadq2t6kfXdFJkXQ2k=
github.com/adedayo/tcpscan v0.0.0-20190208172920-70587f513a14 h1:7SdA6kFv4WDmc808SGobHPCp+wP1h9YRRGs2ft87Ns4=
github.com/adedayo/tcpscan v0.0.0-20190208172920-70587f513a14/go.mod h1:V4BbfuzhchhRXT/uyJiNxysE4nadq2t6kfXdFJkXQ2k=
github.com/adedayo/tcpscan v0.0.0-20190208192006-083f888a1b54 h1:MT+dWXHtlNNKIRSBBlI8RXtoku9nIlDQSNyAmlB4D5U=
github.com/adedayo/tcpscan v0.0.0-20190208192006-083f888a1b54/go.mod h1:V4BbfuzhchhRXT/uyJiNxysE4nadq2t6kfXdFJkXQ2k=
github.com/adedayo/tcpscan v0.0.0-20190208195613-01ce76c27bc0 h1:/gAiOB5LrTmW5UF0OVuNhqwRWrDNnl3KW6vt3fk4WLk=
github.com/adedayo/tcpscan v0.0.0-20190208195613-01ce76c27bc0/go.mod h1:V4BbfuzhchhRXT/uyJiNxysE4nadq2t6kfXdFJkXQ2k=
github.com/adedayo/tcpscan v0.0.0-20190210235833-4c862c1d25f2 h1:frFxUZ5GHFMRCkYWLH9vpBSdwlwv12BCZeCuXH8dCuE=
github.com/adedayo/tcpscan v0.0.0-20190210235833-4c862c1d25f2/go.mod h1:V4BbfuzhchhRXT/uyJiNxysE4nadq2t6kfXdFJkXQ2k=
github.com/adedayo/tcpscan v0.0.0-20190211010232-c75c122a93bf h1:oIJEElA+6WEY4jxncF38aP6IuV/dgc8SQzsl6LBxsqM=
github.com/adedayo/tcpscan v0.0.0-20190211010232-c75c122a93bf/go.mod h1:V4BbfuzhchhRXT/uyJiNxysE4nadq2t6kfXdFJkXQ2k=
github.com/adedayo/tcpscan v0.0.0-20190215104805-9be6c85c59d7/go.mod h1:F/pKCVnHCaXBgMj0ATKo9FiwHsS8e7BKtFqC/KLiWQQ=
github.com/adedayo/tcpscan v0.2.28 h1:J4clqr96yvEcAJMZ0iNmIReACgQYdlDIobvw3EGBuk4=
github.com/adedayo/tcpscan v0.2.28/go.mod h1:YQcmrHBKq/MeDZQM1sE3xs44SvjSaTzQvfEjd53u0kE=
github.com/adedayo/tcpscan v0.3.0 h1:pJBmq0/ZgIVYOcql8GVpHqoEJmsYaOf4r1aODFPx/Jk=
github.com/adedayo/tcpscan v0.3.0/go.mod h1:9SMm2OC17ZOD18Lrc3pR85HLEgAE/+sZJHfZfhYEhJg=
github.com/adedayo/tcpscan v0.3.2 h1:amGYJF/ArJrjlhD54arh7e6qazIfokq1RsjnZU2LbGQ=
github.com/adedayo/tcpscan v0.3.2/go.mod h1:V4BbfuzhchhRXT/uyJiNxysE4nadq2t6kfXdFJkXQ2k=
github.com/adedayo/tcpscan v0.3.3 h1:6UWkkvpT0PG7zJ/DO7j7BVCTO/OzBC3Tr6Bk5tvCX9M=
github.com/adedayo/tcpscan v0.3.3/go.mod h1:V4BbfuzhchhRXT/uyJiNxysE4nadq2t6kfXdFJkXQ2k=
github.com/adedayo/tcpscan v0.3.4 h1:hxL8mjSdhdaaNgCO7MUL42IDwRWeKueQnmCY9uGhTgY=
github.com/adedayo/tcpscan v0.3.4/go.mod h1:V4BbfuzhchhRXT/uyJiNxysE4nadq2t6kfXdFJkXQ2k=
github.com/adedayo/tcpscan v0.4.0 h1:Ultr0eOSy/wRZfjsLZE6dHekMKdFq3Nw9uBpCyNgTTc=
github.com/adedayo/tcpscan v0.4.0/go.mod h1:F/pKCVnHCaXBgMj0ATKo9FiwHsS8e7BKtFqC/KLiWQQ=
github.com/adedayo/tcpscan v0.4.2 h1:pM0bNX2ZnQ3wPdYlhNO8qTglGeLP8ydg7F062z276jA=
github.com/adedayo/tcpscan v0.4.2/go.mod h1:F/pKCVnHCaXBgMj0ATKo9FiwHsS8e7BKtFqC/KLiWQQ=
github.com/adedayo/tlsaudit v0.2.2/go.mod h1:qlilsuzRz/YHkPXQvhnKxLr0ROWQTEvLEihXq7nHAdk=
github.com/armon/consul-api v0.0.0-20180202201655-eb2c6b5be1b6/go.mod h1:grANhF5doyWs3UAsr3K4I6qtAmlQcZDesFNEHPZAzj8=
github.com/carlescere/scheduler v0.0.0-20170109141437-ee74d2f83d82 h1:9bAydALqAjBfPHd/eAiJBHnMZUYov8m2PkXVr+YGQeI=
github.com/carlescere/scheduler v0.0.0-20170109141437-ee74d2f83d82/go.mod h1:tyA14J0sA3Hph4dt+AfCjPrYR13+vVodshQSM7km9qw=
github.com/coreos/etcd v3.3.10+incompatible/go.mod h1:uF7uidLiAD3TWHmW31ZFd/JWoc32PjwdhPthX9715RE=
github.com/coreos/go-etcd v2.0.0+incompatible/go.mod h1:Jez6KQU2B/sWsbdaef3ED8NzMklzPG4d5KIOhIy30Tk=
github.com/coreos/go-semver v0.2.0/go.mod h1:nnelYz7RCh+5ahJtPPxZlU+153eP4D4r3EedlOD2RNk=
github.com/davecgh/go-spew v1.1.1/go.mod h1:J7Y8YcW2NihsgmVo/mv3lAwl/skON4iLHjSsI+c5H38=
github.com/dgraph-io/badger v1.5.4 h1:gVTrpUTbbr/T24uvoCaqY2KSHfNLVGm0w+hbee2HMeg=
github.com/dgraph-io/badger v1.5.4/go.mod h1:VZxzAIRPHRVNRKRo6AXrX9BJegn6il06VMTZVJYCIjQ=
github.com/dgraph-io/badger v1.5.5-0.20181004181505-439fd464b155 h1:T4boC9W0W8nXwg7MAGjZRWkG+2yiJ56tQU4HjH/UM2g=
github.com/dgraph-io/badger v1.5.5-0.20181004181505-439fd464b155/go.mod h1:VZxzAIRPHRVNRKRo6AXrX9BJegn6il06VMTZVJYCIjQ=
github.com/dgryski/go-farm v0.0.0-20190104051053-3adb47b1fb0f h1:dDxpBYafY/GYpcl+LS4Bn3ziLPuEdGRkRjYAbSlWxSA=
github.com/dgryski/go-farm v0.0.0-20190104051053-3adb47b1fb0f/go.mod h1:SqUrOPUnsFjfmXRMNPybcSiG0BgUW2AuFH8PAnS2iTw=
github.com/dustin/go-humanize v1.0.0/go.mod h1:HtrtbFcZ19U5GC7JDqmcUSB87Iq5E25KnS6fMYU6eOk=
github.com/fsnotify/fsnotify v1.4.7 h1:IXs+QLmnXW2CcXuY+8Mzv/fWEsPGWxqefPtCP5CnV9I=
github.com/fsnotify/fsnotify v1.4.7/go.mod h1:jwhsz4b93w/PPRr/qN1Yymfu8t87LnFCMoQvtojpjFo=
github.com/golang/protobuf v1.2.0 h1:P3YflyNX/ehuJFLhxviNdFxQPkGK5cDcApsge1SqnvM=
github.com/golang/protobuf v1.2.0/go.mod h1:6lQm79b+lXiMfvg/cZm0SGofjICqVBUtrP5yJMmIC1U=
github.com/google/go-cmp v0.2.0/go.mod h1:oXzfMopK8JAjlY9xF4vHSVASa0yLyX7SntLO5aqRK0M=
github.com/google/gopacket v1.1.15 h1:M6W3hwQXo5rq1wyhRByGhqOw0m9p+HWtUJ3Bj4/fT6E=
github.com/google/gopacket v1.1.15/go.mod h1:UCLx9mCmAwsVbn6qQl1WIEt2SO7Nd2fD0th1TBAsqBw=
github.com/google/gopacket v1.1.16 h1:u6Afvia5C5srlLcbTwpHaFW918asLYPxieziOaWwz8M=
github.com/google/gopacket v1.1.16/go.mod h1:UCLx9mCmAwsVbn6qQl1WIEt2SO7Nd2fD0th1TBAsqBw=
github.com/google/pprof v0.0.0-20190109223431-e84dfd68c163 h1:beB+Da4k9B1zmgag78k3k1Bx4L/fdWr5FwNa0f8RxmY=
github.com/google/pprof v0.0.0-20190109223431-e84dfd68c163/go.mod h1:zfwlbNMJ+OItoe0UupaVj+oy1omPYYDuagoSzA8v9mc=
github.com/gorilla/websocket v1.4.0 h1:WDFjx/TMzVgy9VdMMQi2K2Emtwi2QcUQsztZ/zLaH/Q=
github.com/gorilla/websocket v1.4.0/go.mod h1:E7qHFY5m1UJ88s3WnNqhKjPHQ0heANvMoAMk2YaljkQ=
github.com/hashicorp/hcl v1.0.0 h1:0Anlzjpi4vEasTeNFn2mLJgTSwt0+6sfsiTG8qcWGx4=
github.com/hashicorp/hcl v1.0.0/go.mod h1:E5yfLk+7swimpb2L/Alb/PJmXilQ/rhwaUYs4T20WEQ=
github.com/ianlancetaylor/demangle v0.0.0-20181102032728-5e5cf60278f6 h1:UDMh68UUwekSh5iP2OMhRRZJiiBccgV7axzUG8vi56c=
github.com/ianlancetaylor/demangle v0.0.0-20181102032728-5e5cf60278f6/go.mod h1:aSSvb/t6k1mPoxDqO4vJh6VOCGPwU4O0C2/Eqndh1Sc=
github.com/jackpal/gateway v1.0.5 h1:qzXWUJfuMdlLMtt0a3Dgt+xkWQiA5itDEITVJtuSwMc=
github.com/jackpal/gateway v1.0.5/go.mod h1:lTpwd4ACLXmpyiCTRtfiNyVnUmqT9RivzCDQetPfnjA=
github.com/konsorten/go-windows-terminal-sequences v1.0.1/go.mod h1:T0+1ngSBFLxvqU3pZ+m/2kptfBszLMUkC4ZK/EgS/cQ=
github.com/magiconair/properties v1.8.0 h1:LLgXmsheXeRoUOBOjtwPQCWIYqM/LU1ayDtDePerRcY=
github.com/magiconair/properties v1.8.0/go.mod h1:PppfXfuXeibc/6YijjN8zIbojt8czPbwD3XqdrwzmxQ=
github.com/mdlayher/raw v0.0.0-20181016155347-fa5ef3332ca9/go.mod h1:rC/yE65s/DoHB6BzVOUBNYBGTg772JVytyAytffIZkY=
github.com/mitchellh/go-homedir v1.0.0 h1:vKb8ShqSby24Yrqr/yDYkuFz8d0WUjys40rvnGC8aR0=
github.com/mitchellh/go-homedir v1.0.0/go.mod h1:SfyaCUpYCn1Vlf4IUYiD9fPX4A5wJrkLzIz1N1q0pr0=
github.com/mitchellh/go-homedir v1.1.0/go.mod h1:SfyaCUpYCn1Vlf4IUYiD9fPX4A5wJrkLzIz1N1q0pr0=
github.com/mitchellh/mapstructure v1.1.2 h1:fmNYVwqnSfB9mZU6OS2O6GsXM+wcskZDuKQzvN1EDeE=
github.com/mitchellh/mapstructure v1.1.2/go.mod h1:FVVH3fgwuzCH5S8UJGiWEs2h04kUh9fWfEaFds41c1Y=
github.com/pelletier/go-toml v1.2.0 h1:T5zMGML61Wp+FlcbWjRDT7yAxhJNAiPPLOFECq181zc=
github.com/pelletier/go-toml v1.2.0/go.mod h1:5z9KED0ma1S8pY6P1sdut58dfprrGBbd/94hg7ilaic=
github.com/pkg/errors v0.8.1 h1:iURUrRGxPUNPdy5/HRSm+Yj6okJ6UtLINN0Q9M4+h3I=
github.com/pkg/errors v0.8.1/go.mod h1:bwawxfHBFNV+L2hUp1rHADufV3IMtnDRdf1r5NINEl0=
github.com/pmezard/go-difflib v1.0.0/go.mod h1:iKH77koFhYxTK1pcRnkKkqfTogsbg7gZNVY4sRDYZ/4=
github.com/sirupsen/logrus v1.3.0 h1:hI/7Q+DtNZ2kINb6qt/lS+IyXnHQe9e90POfeewL/ME=
github.com/sirupsen/logrus v1.3.0/go.mod h1:LxeOpSwHxABJmUn/MG1IvRgCAasNZTLOkJPxbbu5VWo=
github.com/spf13/afero v1.1.2 h1:m8/z1t7/fwjysjQRYbP0RD+bUIF/8tJwPdEZsI83ACI=
github.com/spf13/afero v1.1.2/go.mod h1:j4pytiNVoe2o6bmDsKpLACNPDBIoEAkihy7loJ1B0CQ=
github.com/spf13/cast v1.3.0 h1:oget//CVOEoFewqQxwr0Ej5yjygnqGkvggSE/gB35Q8=
github.com/spf13/cast v1.3.0/go.mod h1:Qx5cxh0v+4UWYiBimWS+eyWzqEqokIECu5etghLkUJE=
github.com/spf13/cobra v0.0.3 h1:ZlrZ4XsMRm04Fr5pSFxBgfND2EBVa1nLpiy1stUsX/8=
github.com/spf13/cobra v0.0.3/go.mod h1:1l0Ry5zgKvJasoi3XT1TypsSe7PqH0Sj9dhYf7v3XqQ=
github.com/spf13/jwalterweatherman v1.0.0 h1:XHEdyB+EcvlqZamSM4ZOMGlc93t6AcsBEu9Gc1vn7yk=
github.com/spf13/jwalterweatherman v1.0.0/go.mod h1:cQK4TGJAtQXfYWX+Ddv3mKDzgVb68N+wFjFa4jdeBTo=
github.com/spf13/pflag v1.0.3 h1:zPAT6CGy6wXeQ7NtTnaTerfKOsV6V6F8agHXFiazDkg=
github.com/spf13/pflag v1.0.3/go.mod h1:DYY7MBk1bdzusC3SYhjObp+wFpr4gzcvqqNjLnInEg4=
github.com/spf13/viper v1.3.1 h1:5+8j8FTpnFV4nEImW/ofkzEt8VoOiLXxdYIDsB73T38=
github.com/spf13/viper v1.3.1/go.mod h1:ZiWeW+zYFKm7srdB9IoDzzZXaJaI5eL9QjNiN/DMA2s=
github.com/stretchr/objx v0.1.1/go.mod h1:HFkY916IF+rwdDfMAkV7OtwuqBVzrE8GR6GFx+wExME=
github.com/stretchr/testify v1.2.2/go.mod h1:a8OnRcib4nhh0OaRAV+Yts87kKdq0PP7pXfy6kDkUVs=
github.com/uber-go/atomic v1.3.2/go.mod h1:/Ct5t2lcmbJ4OSe/waGBoaVvVqtO0bmtfVNex1PFV8g=
github.com/ugorji/go/codec v0.0.0-20181204163529-d75b2dcb6bc8/go.mod h1:VFNgLljTbGfSG7qAOspJ7OScBnGdDN/yBr0sguwnwf0=
github.com/urfave/cli v1.20.0/go.mod h1:70zkFmudgCuE/ngEzBv17Jvp/497gISqfk5gWijbERA=
github.com/xordataexchange/crypt v0.0.3-0.20170626215501-b2862e3d0a77/go.mod h1:aYKd//L2LvnjZzWKhF00oedf4jCCReLcmhLdhm1A27Q=
go.uber.org/atomic v1.3.2/go.mod h1:gD2HeocX3+yG+ygLZcrzQJaqmWj9AIm7n08wl/qW/PE=
go.uber.org/ratelimit v0.0.0-20180316092928-c15da0234277 h1:d9qaMM+ODpCq+9We41//fu/sHsTnXcrqd1en3x+GKy4=
go.uber.org/ratelimit v0.0.0-20180316092928-c15da0234277/go.mod h1:2X8KaoNd1J0lZV+PxJk/5+DGbO/tpwLR1m++a7FnB/Y=
golang.org/x/arch v0.0.0-20181203225421-5a4828bb7045 h1:Pn8fQdvx+z1avAi7fdM2kRYWQNxGlavNDSyzrQg2SsU=
golang.org/x/arch v0.0.0-20181203225421-5a4828bb7045/go.mod h1:cYlCBUl1MsqxdiKgmc4uh7TxZfWSFLOGSRR090WDxt8=
golang.org/x/crypto v0.0.0-20180904163835-0709b304e793/go.mod h1:6SG95UA2DQfeDnfUPMdvaQW0Q7yPrPDi9nlGo2tz2b4=
golang.org/x/crypto v0.0.0-20181203042331-505ab145d0a9/go.mod h1:6SG95UA2DQfeDnfUPMdvaQW0Q7yPrPDi9nlGo2tz2b4=
golang.org/x/crypto v0.0.0-20190103213133-ff983b9c42bc h1:F5tKCVGp+MUAHhKp5MZtGqAlGX3+oCsiL1Q629FL90M=
golang.org/x/crypto v0.0.0-20190103213133-ff983b9c42bc/go.mod h1:6SG95UA2DQfeDnfUPMdvaQW0Q7yPrPDi9nlGo2tz2b4=
golang.org/x/net v0.0.0-20181029044818-c44066c5c816 h1:mVFkLpejdFLXVUv9E42f3XJVfMdqd0IVLVIVLjZWn5o=
golang.org/x/net v0.0.0-20181029044818-c44066c5c816/go.mod h1:mL1N/T3taQHkDXs73rZJwtUhF3w3ftmwwsq0BUmARs4=
golang.org/x/net v0.0.0-20190206173232-65e2d4e15006 h1:bfLnR+k0tq5Lqt6dflRLcZiz6UaXCMt3vhYJ1l4FQ80=
golang.org/x/net v0.0.0-20190206173232-65e2d4e15006/go.mod h1:mL1N/T3taQHkDXs73rZJwtUhF3w3ftmwwsq0BUmARs4=
golang.org/x/sys v0.0.0-20180905080454-ebe1bf3edb33/go.mod h1:STP8DvDyc/dI5b8T5hshtkjS+E42TnysNCUPdjciGhY=
golang.org/x/sys v0.0.0-20181026203630-95b1ffbd15a5 h1:x6r4Jo0KNzOOzYd8lbcRsqjuqEASK6ob3auvWYM4/8U=
golang.org/x/sys v0.0.0-20181026203630-95b1ffbd15a5/go.mod h1:STP8DvDyc/dI5b8T5hshtkjS+E42TnysNCUPdjciGhY=
golang.org/x/sys v0.0.0-20181205085412-a5c9d58dba9a h1:1n5lsVfiQW3yfsRGu98756EH1YthsFqr/5mxHduZW2A=
golang.org/x/sys v0.0.0-20181205085412-a5c9d58dba9a/go.mod h1:STP8DvDyc/dI5b8T5hshtkjS+E42TnysNCUPdjciGhY=
golang.org/x/text v0.3.0 h1:g61tztE5qeGQ89tm6NTjjM9VPIm088od1l6aSorWRWg=
golang.org/x/text v0.3.0/go.mod h1:NqM8EUOU14njkJ3fqMW+pc6Ldnwhi/IjpwHt7yyuwOQ=
gopkg.in/check.v1 v0.0.0-20161208181325-20d25e280405/go.mod h1:Co6ibVJAznAaIkqp8huTwlJQCZ016jof/cbN4VW5Yz0=
gopkg.in/urfave/cli.v2 v2.0.0-20180128182452-d3ae77c26ac8 h1:Ggy3mWN4l3PUFPfSG0YB3n5fVYggzysUmiUQ89SnX6Y=
gopkg.in/urfave/cli.v2 v2.0.0-20180128182452-d3ae77c26ac8/go.mod h1:cKXr3E0k4aosgycml1b5z33BVV6hai1Kh7uDgFOkbcs=
gopkg.in/yaml.v2 v2.2.2 h1:ZCJp+EgiOT7lHqUV2J862kp8Qj64Jo6az82+3Td9dZw=
gopkg.in/yaml.v2 v2.2.2/go.mod h1:hI93XBmqTisBFMUTm0b8Fm+jr3Dg1NNxqwp+5A1VGuI=
