github.com/AndreasBriese/bbloom v0.0.0-20180913140656-343706a395b7 h1:PqzgE6kAMi81xWQA2QIVxjWkFHptGgC547vchpUbtFo=
github.com/AndreasBriese/bbloom v0.0.0-20180913140656-343706a395b7/go.mod h1:bOvUY6CB00SOBii9/FifXqc0awNKxLFCL/+pkDPuyl8=
github.com/adedayo/cidr v0.1.3 h1:SrjHm2g80gq+ajZR/npN3p0C+hJs1iulnpuSPCy2PlQ=
github.com/adedayo/cidr v0.1.3/go.mod h1:By6g82fmUcv8/Z/6JcDs1D4wO4gc/Ookb842bVCV6Io=
github.com/adedayo/tcpscan v0.2.10 h1:fdYe1iJ11mqFvSvwkuF/iCjxhOZLQ1NNVhc599uq0ro=
github.com/adedayo/tcpscan v0.2.10/go.mod h1:YQcmrHBKq/MeDZQM1sE3xs44SvjSaTzQvfEjd53u0kE=
github.com/adedayo/tcpscan v0.2.12 h1:sqb1/kb4hxE1sDfIhNx9I7o8UcNuC5giwCe2NZa/aRc=
github.com/adedayo/tcpscan v0.2.12/go.mod h1:YQcmrHBKq/MeDZQM1sE3xs44SvjSaTzQvfEjd53u0kE=
github.com/adedayo/tcpscan v0.2.13 h1:bNfqoWzbghSkTogFwVsPDI9TEwGJwM+iNxp4f5pbjb4=
github.com/adedayo/tcpscan v0.2.13/go.mod h1:YQcmrHBKq/MeDZQM1sE3xs44SvjSaTzQvfEjd53u0kE=
github.com/adedayo/tcpscan v0.2.15 h1:pSOcQ2Pj22uHOUrBYJgnGg+/uJo7UYJUCMIOePxLssg=
github.com/adedayo/tcpscan v0.2.15/go.mod h1:YQcmrHBKq/MeDZQM1sE3xs44SvjSaTzQvfEjd53u0kE=
github.com/adedayo/tcpscan v0.2.16 h1:5DVU7DMC4su/TcyLxABT6+X7SZcHBC8KSIAHba89HRs=
github.com/adedayo/tcpscan v0.2.16/go.mod h1:YQcmrHBKq/MeDZQM1sE3xs44SvjSaTzQvfEjd53u0kE=
github.com/davecgh/go-spew v1.1.1 h1:vj9j/u1bqnvCEfJOwUhtlOARqs3+rkHYY13jYWTU97c=
github.com/davecgh/go-spew v1.1.1/go.mod h1:J7Y8YcW2NihsgmVo/mv3lAwl/skON4iLHjSsI+c5H38=
github.com/dgraph-io/badger v0.0.0-20181004000000-439fd464b155 h1:BRS4yGvYPxnAPTLz5YDeiNA31f4yCa9Qj69tgjdEjoY=
github.com/dgraph-io/badger v0.0.0-20181004000000-439fd464b155/go.mod h1:VZxzAIRPHRVNRKRo6AXrX9BJegn6il06VMTZVJYCIjQ=
github.com/dgraph-io/badger v1.5.4 h1:gVTrpUTbbr/T24uvoCaqY2KSHfNLVGm0w+hbee2HMeg=
github.com/dgraph-io/badger v1.5.4/go.mod h1:VZxzAIRPHRVNRKRo6AXrX9BJegn6il06VMTZVJYCIjQ=
github.com/dgryski/go-farm v0.0.0-20180109070241-2de33835d102 h1:afESQBXJEnj3fu+34X//E8Wg3nEbMJxJkwSc0tPePK0=
github.com/dgryski/go-farm v0.0.0-20180109070241-2de33835d102/go.mod h1:SqUrOPUnsFjfmXRMNPybcSiG0BgUW2AuFH8PAnS2iTw=
github.com/golang/protobuf v1.2.0 h1:P3YflyNX/ehuJFLhxviNdFxQPkGK5cDcApsge1SqnvM=
github.com/golang/protobuf v1.2.0/go.mod h1:6lQm79b+lXiMfvg/cZm0SGofjICqVBUtrP5yJMmIC1U=
github.com/google/go-cmp v0.2.0 h1:+dTQ8DZQJz0Mb/HjFlkptS1FeQ4cWSnN941F8aEG4SQ=
github.com/google/go-cmp v0.2.0/go.mod h1:oXzfMopK8JAjlY9xF4vHSVASa0yLyX7SntLO5aqRK0M=
github.com/google/gopacket v1.1.15 h1:M6W3hwQXo5rq1wyhRByGhqOw0m9p+HWtUJ3Bj4/fT6E=
github.com/google/gopacket v1.1.15/go.mod h1:UCLx9mCmAwsVbn6qQl1WIEt2SO7Nd2fD0th1TBAsqBw=
github.com/gorilla/websocket v1.4.0 h1:WDFjx/TMzVgy9VdMMQi2K2Emtwi2QcUQsztZ/zLaH/Q=
github.com/gorilla/websocket v1.4.0/go.mod h1:E7qHFY5m1UJ88s3WnNqhKjPHQ0heANvMoAMk2YaljkQ=
github.com/mdlayher/raw v0.0.0-20181016155347-fa5ef3332ca9 h1:tOtO8DXiNGj9NshRKHWiZuGlSldPFzFCFYhNtsKTBCs=
github.com/mdlayher/raw v0.0.0-20181016155347-fa5ef3332ca9/go.mod h1:rC/yE65s/DoHB6BzVOUBNYBGTg772JVytyAytffIZkY=
github.com/pkg/errors v0.8.0 h1:WdK/asTD0HN+q6hsWO3/vpuAkAr+tw6aNJNDFFf0+qw=
github.com/pkg/errors v0.8.0/go.mod h1:bwawxfHBFNV+L2hUp1rHADufV3IMtnDRdf1r5NINEl0=
github.com/pmezard/go-difflib v1.0.0 h1:4DBwDE0NGyQoBHbLQYPwSUPoCMWR5BEzIk/f1lZbAQM=
github.com/pmezard/go-difflib v1.0.0/go.mod h1:iKH77koFhYxTK1pcRnkKkqfTogsbg7gZNVY4sRDYZ/4=
github.com/stretchr/testify v1.2.2 h1:bSDNvY7ZPG5RlJ8otE/7V6gMiyenm9RtJ7IUVIAoJ1w=
github.com/stretchr/testify v1.2.2/go.mod h1:a8OnRcib4nhh0OaRAV+Yts87kKdq0PP7pXfy6kDkUVs=
github.com/uber-go/atomic v1.3.2 h1:Azu9lPBWRNKzYXSIwRfgRuDuS0YKsK4NFhiQv98gkxo=
github.com/uber-go/atomic v1.3.2/go.mod h1:/Ct5t2lcmbJ4OSe/waGBoaVvVqtO0bmtfVNex1PFV8g=
github.com/urfave/cli v1.20.0/go.mod h1:70zkFmudgCuE/ngEzBv17Jvp/497gISqfk5gWijbERA=
go.uber.org/atomic v1.3.2 h1:2Oa65PReHzfn29GpvgsYwloV9AVFHPDk8tYxt2c2tr4=
go.uber.org/atomic v1.3.2/go.mod h1:gD2HeocX3+yG+ygLZcrzQJaqmWj9AIm7n08wl/qW/PE=
go.uber.org/ratelimit v0.0.0-20180316092928-c15da0234277 h1:d9qaMM+ODpCq+9We41//fu/sHsTnXcrqd1en3x+GKy4=
go.uber.org/ratelimit v0.0.0-20180316092928-c15da0234277/go.mod h1:2X8KaoNd1J0lZV+PxJk/5+DGbO/tpwLR1m++a7FnB/Y=
golang.org/x/crypto v0.0.0-20181029103014-dab2b1051b5d h1:5JyY8HlzxzYI+qHOOciM8s2lJbIEaefMUdtYt7dRDrg=
golang.org/x/crypto v0.0.0-20181029103014-dab2b1051b5d/go.mod h1:6SG95UA2DQfeDnfUPMdvaQW0Q7yPrPDi9nlGo2tz2b4=
golang.org/x/net v0.0.0-20181029044818-c44066c5c816 h1:mVFkLpejdFLXVUv9E42f3XJVfMdqd0IVLVIVLjZWn5o=
golang.org/x/net v0.0.0-20181029044818-c44066c5c816/go.mod h1:mL1N/T3taQHkDXs73rZJwtUhF3w3ftmwwsq0BUmARs4=
golang.org/x/sys v0.0.0-20181026203630-95b1ffbd15a5 h1:x6r4Jo0KNzOOzYd8lbcRsqjuqEASK6ob3auvWYM4/8U=
golang.org/x/sys v0.0.0-20181026203630-95b1ffbd15a5/go.mod h1:STP8DvDyc/dI5b8T5hshtkjS+E42TnysNCUPdjciGhY=
gopkg.in/urfave/cli.v2 v2.0.0-20180128182452-d3ae77c26ac8 h1:Ggy3mWN4l3PUFPfSG0YB3n5fVYggzysUmiUQ89SnX6Y=
gopkg.in/urfave/cli.v2 v2.0.0-20180128182452-d3ae77c26ac8/go.mod h1:cKXr3E0k4aosgycml1b5z33BVV6hai1Kh7uDgFOkbcs=
